<?xml version="1.0" encoding="utf-8"?>
<Project ToolsVersion="4.0" xmlns="http://schemas.microsoft.com/developer/msbuild/2003">
  <ItemGroup>
    <ClCompile Include="..\thirdparty\iPlug2\IGraphics\IControl.cpp">
      <Filter>IGraphics</Filter>
    </ClCompile>
    <ClCompile Include="..\thirdparty\iPlug2\IGraphics\IGraphics.cpp">
      <Filter>IGraphics</Filter>
    </ClCompile>
    <ClCompile Include="..\thirdparty\iPlug2\IGraphics\IGraphicsEditorDelegate.cpp">
      <Filter>IGraphics</Filter>
    </ClCompile>
    <ClCompile Include="..\thirdparty\iPlug2\IGraphics\Drawing\IGraphicsAGG_src.cpp">
      <Filter>IGraphics\Drawing</Filter>
    </ClCompile>
    <ClCompile Include="..\thirdparty\iPlug2\IGraphics\Drawing\IGraphicsCairo.cpp">
      <Filter>IGraphics\Drawing</Filter>
    </ClCompile>
    <ClCompile Include="..\thirdparty\iPlug2\IGraphics\Drawing\IGraphicsLice.cpp">
      <Filter>IGraphics\Drawing</Filter>
    </ClCompile>
    <ClCompile Include="..\thirdparty\iPlug2\IGraphics\Drawing\IGraphicsLice_src.cpp">
      <Filter>IGraphics\Drawing</Filter>
    </ClCompile>
    <ClCompile Include="..\thirdparty\iPlug2\IGraphics\Drawing\IGraphicsNanoVG.cpp">
      <Filter>IGraphics\Drawing</Filter>
    </ClCompile>
    <ClCompile Include="..\thirdparty\iPlug2\IGraphics\Drawing\IGraphicsAGG.cpp">
      <Filter>IGraphics\Drawing</Filter>
    </ClCompile>
    <ClCompile Include="..\thirdparty\iPlug2\IGraphics\Controls\IControls.cpp">
      <Filter>IGraphics\Controls</Filter>
    </ClCompile>
    <ClCompile Include="..\thirdparty\iPlug2\IGraphics\Controls\IPopupMenuControl.cpp">
      <Filter>IGraphics\Controls</Filter>
    </ClCompile>
    <ClCompile Include="..\thirdparty\iPlug2\IGraphics\Controls\ITextEntryControl.cpp">
      <Filter>IGraphics\Controls</Filter>
    </ClCompile>
    <ClCompile Include="..\thirdparty\iPlug2\IPlug\APP\IPlugAPP_main.cpp">
      <Filter>IPlug\APP</Filter>
    </ClCompile>
    <ClCompile Include="..\thirdparty\iPlug2\IPlug\APP\IPlugAPP.cpp">
      <Filter>IPlug\APP</Filter>
    </ClCompile>
    <ClCompile Include="..\thirdparty\iPlug2\IPlug\APP\IPlugAPP_dialog.cpp">
      <Filter>IPlug\APP</Filter>
    </ClCompile>
    <ClCompile Include="..\thirdparty\iPlug2\IPlug\APP\IPlugAPP_host.cpp">
      <Filter>IPlug\APP</Filter>
    </ClCompile>
    <ClCompile Include="..\thirdparty\iPlug2\IPlug\IPlugAPIBase.cpp">
      <Filter>IPlug</Filter>
    </ClCompile>
    <ClCompile Include="..\thirdparty\iPlug2\IPlug\IPlugParameter.cpp">
      <Filter>IPlug</Filter>
    </ClCompile>
    <ClCompile Include="..\thirdparty\iPlug2\IPlug\IPlugPaths.cpp">
      <Filter>IPlug</Filter>
    </ClCompile>
    <ClCompile Include="..\thirdparty\iPlug2\IPlug\IPlugPluginBase.cpp">
      <Filter>IPlug</Filter>
    </ClCompile>
    <ClCompile Include="..\thirdparty\iPlug2\IPlug\IPlugProcessor.cpp">
      <Filter>IPlug</Filter>
    </ClCompile>
    <ClCompile Include="..\thirdparty\iPlug2\IPlug\IPlugTimer.cpp">
      <Filter>IPlug</Filter>
    </ClCompile>
    <ClCompile Include="..\thirdparty\iPlug2\Dependencies\IPlug\RTAudio\RtAudio.cpp">
      <Filter>IPlug\APP\RTAudioMidi</Filter>
    </ClCompile>
    <ClCompile Include="..\thirdparty\iPlug2\Dependencies\IPlug\RTMidi\RtMidi.cpp">
      <Filter>IPlug\APP\RTAudioMidi</Filter>
    </ClCompile>
    <ClCompile Include="..\thirdparty\iPlug2\Dependencies\IPlug\RTAudio\include\asio.cpp">
      <Filter>IPlug\APP\RTAudioMidi\include</Filter>
    </ClCompile>
    <ClCompile Include="..\thirdparty\iPlug2\Dependencies\IPlug\RTAudio\include\asiodrivers.cpp">
      <Filter>IPlug\APP\RTAudioMidi\include</Filter>
    </ClCompile>
    <ClCompile Include="..\thirdparty\iPlug2\Dependencies\IPlug\RTAudio\include\asiolist.cpp">
      <Filter>IPlug\APP\RTAudioMidi\include</Filter>
    </ClCompile>
    <ClCompile Include="..\thirdparty\iPlug2\Dependencies\IPlug\RTAudio\include\iasiothiscallresolver.cpp">
      <Filter>IPlug\APP\RTAudioMidi\include</Filter>
    </ClCompile>
    <ClCompile Include="..\thirdparty\iPlug2\IGraphics\Platforms\IGraphicsWin.cpp">
      <Filter>IGraphics\Platform</Filter>
    </ClCompile>
    <ClCompile Include="..\src\plugs\SameBoyPlug.cpp">
      <Filter>src\plugs</Filter>
    </ClCompile>
    <ClCompile Include="..\src\RetroPlugInstrument.cpp">
      <Filter>src</Filter>
    </ClCompile>
    <ClCompile Include="..\src\util\base64.cpp">
      <Filter>src\util</Filter>
    </ClCompile>
    <ClCompile Include="..\src\util\File.cpp">
      <Filter>src\util</Filter>
    </ClCompile>
    <ClCompile Include="..\thirdparty\liblsdj\liblsdj\chain.c">
      <Filter>liblsdj</Filter>
    </ClCompile>
    <ClCompile Include="..\thirdparty\liblsdj\liblsdj\command.c">
      <Filter>liblsdj</Filter>
    </ClCompile>
    <ClCompile Include="..\thirdparty\liblsdj\liblsdj\compression.c">
      <Filter>liblsdj</Filter>
    </ClCompile>
    <ClCompile Include="..\thirdparty\liblsdj\liblsdj\error.c">
      <Filter>liblsdj</Filter>
    </ClCompile>
    <ClCompile Include="..\thirdparty\liblsdj\liblsdj\groove.c">
      <Filter>liblsdj</Filter>
    </ClCompile>
    <ClCompile Include="..\thirdparty\liblsdj\liblsdj\instrument.c">
      <Filter>liblsdj</Filter>
    </ClCompile>
    <ClCompile Include="..\thirdparty\liblsdj\liblsdj\phrase.c">
      <Filter>liblsdj</Filter>
    </ClCompile>
    <ClCompile Include="..\thirdparty\liblsdj\liblsdj\project.c">
      <Filter>liblsdj</Filter>
    </ClCompile>
    <ClCompile Include="..\thirdparty\liblsdj\liblsdj\row.c">
      <Filter>liblsdj</Filter>
    </ClCompile>
    <ClCompile Include="..\thirdparty\liblsdj\liblsdj\sav.c">
      <Filter>liblsdj</Filter>
    </ClCompile>
    <ClCompile Include="..\thirdparty\liblsdj\liblsdj\song.c">
      <Filter>liblsdj</Filter>
    </ClCompile>
    <ClCompile Include="..\thirdparty\liblsdj\liblsdj\synth.c">
      <Filter>liblsdj</Filter>
    </ClCompile>
    <ClCompile Include="..\thirdparty\liblsdj\liblsdj\table.c">
      <Filter>liblsdj</Filter>
    </ClCompile>
    <ClCompile Include="..\thirdparty\liblsdj\liblsdj\vio.c">
      <Filter>liblsdj</Filter>
    </ClCompile>
    <ClCompile Include="..\thirdparty\liblsdj\liblsdj\wave.c">
      <Filter>liblsdj</Filter>
    </ClCompile>
    <ClCompile Include="..\thirdparty\liblsdj\liblsdj\word.c">
      <Filter>liblsdj</Filter>
    </ClCompile>
    <ClCompile Include="..\src\roms\Lsdj.cpp">
      <Filter>src\roms</Filter>
    </ClCompile>
    <ClCompile Include="..\src\lsdj\kit.c">
      <Filter>src\lsdj</Filter>
    </ClCompile>
    <ClCompile Include="..\src\lsdj\rom.c">
      <Filter>src\lsdj</Filter>
    </ClCompile>
    <ClCompile Include="..\src\lsdj\sample.c">
      <Filter>src\lsdj</Filter>
    </ClCompile>
    <ClCompile Include="..\src\platform\FileDialog.cpp">
      <Filter>src\platform</Filter>
    </ClCompile>
    <ClCompile Include="..\src\util\Serializer.cpp">
      <Filter>src\util</Filter>
    </ClCompile>
    <ClCompile Include="..\src\platform\Shell.cpp">
      <Filter>src\platform</Filter>
    </ClCompile>
    <ClCompile Include="..\src\platform\Path.cpp">
      <Filter>src\platform</Filter>
    </ClCompile>
    <ClCompile Include="..\src\platform\MemoryModule.c">
      <Filter>src\platform</Filter>
    </ClCompile>
    <ClCompile Include="..\src\util\crc32.cpp">
      <Filter>src\util</Filter>
    </ClCompile>
    <ClCompile Include="..\thirdparty\simplefilewatcher\source\FileWatcherWin32.cpp">
      <Filter>filewatcher</Filter>
    </ClCompile>
    <ClCompile Include="..\thirdparty\simplefilewatcher\source\FileWatcher.cpp">
      <Filter>filewatcher</Filter>
    </ClCompile>
    <ClCompile Include="..\thirdparty\lua-5.3.5\src\lundump.c">
      <Filter>lua</Filter>
    </ClCompile>
    <ClCompile Include="..\thirdparty\lua-5.3.5\src\lutf8lib.c">
      <Filter>lua</Filter>
    </ClCompile>
    <ClCompile Include="..\thirdparty\lua-5.3.5\src\lvm.c">
      <Filter>lua</Filter>
    </ClCompile>
    <ClCompile Include="..\thirdparty\lua-5.3.5\src\lzio.c">
      <Filter>lua</Filter>
    </ClCompile>
    <ClCompile Include="..\thirdparty\lua-5.3.5\src\lapi.c">
      <Filter>lua</Filter>
    </ClCompile>
    <ClCompile Include="..\thirdparty\lua-5.3.5\src\lauxlib.c">
      <Filter>lua</Filter>
    </ClCompile>
    <ClCompile Include="..\thirdparty\lua-5.3.5\src\lbaselib.c">
      <Filter>lua</Filter>
    </ClCompile>
    <ClCompile Include="..\thirdparty\lua-5.3.5\src\lbitlib.c">
      <Filter>lua</Filter>
    </ClCompile>
    <ClCompile Include="..\thirdparty\lua-5.3.5\src\lcode.c">
      <Filter>lua</Filter>
    </ClCompile>
    <ClCompile Include="..\thirdparty\lua-5.3.5\src\lcorolib.c">
      <Filter>lua</Filter>
    </ClCompile>
    <ClCompile Include="..\thirdparty\lua-5.3.5\src\lctype.c">
      <Filter>lua</Filter>
    </ClCompile>
    <ClCompile Include="..\thirdparty\lua-5.3.5\src\ldblib.c">
      <Filter>lua</Filter>
    </ClCompile>
    <ClCompile Include="..\thirdparty\lua-5.3.5\src\ldebug.c">
      <Filter>lua</Filter>
    </ClCompile>
    <ClCompile Include="..\thirdparty\lua-5.3.5\src\ldo.c">
      <Filter>lua</Filter>
    </ClCompile>
    <ClCompile Include="..\thirdparty\lua-5.3.5\src\ldump.c">
      <Filter>lua</Filter>
    </ClCompile>
    <ClCompile Include="..\thirdparty\lua-5.3.5\src\lfunc.c">
      <Filter>lua</Filter>
    </ClCompile>
    <ClCompile Include="..\thirdparty\lua-5.3.5\src\lgc.c">
      <Filter>lua</Filter>
    </ClCompile>
    <ClCompile Include="..\thirdparty\lua-5.3.5\src\linit.c">
      <Filter>lua</Filter>
    </ClCompile>
    <ClCompile Include="..\thirdparty\lua-5.3.5\src\liolib.c">
      <Filter>lua</Filter>
    </ClCompile>
    <ClCompile Include="..\thirdparty\lua-5.3.5\src\llex.c">
      <Filter>lua</Filter>
    </ClCompile>
    <ClCompile Include="..\thirdparty\lua-5.3.5\src\lmathlib.c">
      <Filter>lua</Filter>
    </ClCompile>
    <ClCompile Include="..\thirdparty\lua-5.3.5\src\lmem.c">
      <Filter>lua</Filter>
    </ClCompile>
    <ClCompile Include="..\thirdparty\lua-5.3.5\src\loadlib.c">
      <Filter>lua</Filter>
    </ClCompile>
    <ClCompile Include="..\thirdparty\lua-5.3.5\src\lobject.c">
      <Filter>lua</Filter>
    </ClCompile>
    <ClCompile Include="..\thirdparty\lua-5.3.5\src\lopcodes.c">
      <Filter>lua</Filter>
    </ClCompile>
    <ClCompile Include="..\thirdparty\lua-5.3.5\src\loslib.c">
      <Filter>lua</Filter>
    </ClCompile>
    <ClCompile Include="..\thirdparty\lua-5.3.5\src\lparser.c">
      <Filter>lua</Filter>
    </ClCompile>
    <ClCompile Include="..\thirdparty\lua-5.3.5\src\lstate.c">
      <Filter>lua</Filter>
    </ClCompile>
    <ClCompile Include="..\thirdparty\lua-5.3.5\src\lstring.c">
      <Filter>lua</Filter>
    </ClCompile>
    <ClCompile Include="..\thirdparty\lua-5.3.5\src\lstrlib.c">
      <Filter>lua</Filter>
    </ClCompile>
    <ClCompile Include="..\thirdparty\lua-5.3.5\src\ltable.c">
      <Filter>lua</Filter>
    </ClCompile>
    <ClCompile Include="..\thirdparty\lua-5.3.5\src\ltablib.c">
      <Filter>lua</Filter>
    </ClCompile>
    <ClCompile Include="..\thirdparty\lua-5.3.5\src\ltm.c">
      <Filter>lua</Filter>
    </ClCompile>
    <ClCompile Include="..\src\controller\RetroPlugController.cpp">
      <Filter>src\controller</Filter>
    </ClCompile>
    <ClCompile Include="..\src\model\EmulatorInstance.cpp">
      <Filter>src\model</Filter>
    </ClCompile>
    <ClCompile Include="..\src\model\RetroPlug.cpp">
      <Filter>src\model</Filter>
    </ClCompile>
    <ClCompile Include="..\src\util\PaRingBuffer.c">
      <Filter>src\util</Filter>
    </ClCompile>
    <ClCompile Include="..\src\view\ContextMenu.cpp">
      <Filter>src\view</Filter>
    </ClCompile>
    <ClCompile Include="..\src\view\EmulatorView.cpp">
      <Filter>src\view</Filter>
    </ClCompile>
    <ClCompile Include="..\src\view\RetroPlugRoot.cpp">
      <Filter>src\view</Filter>
    </ClCompile>
    <ClCompile Include="..\src\model\LuaContext.cpp">
      <Filter>src\model</Filter>
    </ClCompile>
    <ClCompile Include="..\src\model\FileManager.cpp">
      <Filter>src\model</Filter>
    </ClCompile>
  </ItemGroup>
  <ItemGroup>
    <ClInclude Include="..\resources\resource.h">
      <Filter>resources</Filter>
    </ClInclude>
    <ClInclude Include="..\thirdparty\iPlug2\IGraphics\IControl.h">
      <Filter>IGraphics</Filter>
    </ClInclude>
    <ClInclude Include="..\thirdparty\iPlug2\IGraphics\IGraphics.h">
      <Filter>IGraphics</Filter>
    </ClInclude>
    <ClInclude Include="..\thirdparty\iPlug2\IGraphics\IGraphics_include_in_plug_hdr.h">
      <Filter>IGraphics</Filter>
    </ClInclude>
    <ClInclude Include="..\thirdparty\iPlug2\IGraphics\IGraphics_include_in_plug_src.h">
      <Filter>IGraphics</Filter>
    </ClInclude>
    <ClInclude Include="..\thirdparty\iPlug2\IGraphics\IGraphics_select.h">
      <Filter>IGraphics</Filter>
    </ClInclude>
    <ClInclude Include="..\thirdparty\iPlug2\IGraphics\IGraphicsConstants.h">
      <Filter>IGraphics</Filter>
    </ClInclude>
    <ClInclude Include="..\thirdparty\iPlug2\IGraphics\IGraphicsEditorDelegate.h">
      <Filter>IGraphics</Filter>
    </ClInclude>
    <ClInclude Include="..\thirdparty\iPlug2\IGraphics\IGraphicsLiveEdit.h">
      <Filter>IGraphics</Filter>
    </ClInclude>
    <ClInclude Include="..\thirdparty\iPlug2\IGraphics\IGraphicsPathBase.h">
      <Filter>IGraphics</Filter>
    </ClInclude>
    <ClInclude Include="..\thirdparty\iPlug2\IGraphics\IGraphicsPopupMenu.h">
      <Filter>IGraphics</Filter>
    </ClInclude>
    <ClInclude Include="..\thirdparty\iPlug2\IGraphics\IGraphicsStructs.h">
      <Filter>IGraphics</Filter>
    </ClInclude>
    <ClInclude Include="..\thirdparty\iPlug2\IGraphics\IGraphicsUtilities.h">
      <Filter>IGraphics</Filter>
    </ClInclude>
    <ClInclude Include="..\thirdparty\iPlug2\IGraphics\Drawing\IGraphicsAGG.h">
      <Filter>IGraphics\Drawing</Filter>
    </ClInclude>
    <ClInclude Include="..\thirdparty\iPlug2\IGraphics\Drawing\IGraphicsAGG_src.h">
      <Filter>IGraphics\Drawing</Filter>
    </ClInclude>
    <ClInclude Include="..\thirdparty\iPlug2\IGraphics\Drawing\IGraphicsCairo.h">
      <Filter>IGraphics\Drawing</Filter>
    </ClInclude>
    <ClInclude Include="..\thirdparty\iPlug2\IGraphics\Drawing\IGraphicsLice.h">
      <Filter>IGraphics\Drawing</Filter>
    </ClInclude>
    <ClInclude Include="..\thirdparty\iPlug2\IGraphics\Drawing\IGraphicsLice_src.h">
      <Filter>IGraphics\Drawing</Filter>
    </ClInclude>
    <ClInclude Include="..\thirdparty\iPlug2\IGraphics\Drawing\IGraphicsNanoVG.h">
      <Filter>IGraphics\Drawing</Filter>
    </ClInclude>
    <ClInclude Include="..\thirdparty\iPlug2\IGraphics\Controls\IControls.h">
      <Filter>IGraphics\Controls</Filter>
    </ClInclude>
    <ClInclude Include="..\thirdparty\iPlug2\IGraphics\Controls\IFPSDisplayControl.h">
      <Filter>IGraphics\Controls</Filter>
    </ClInclude>
    <ClInclude Include="..\thirdparty\iPlug2\IGraphics\Controls\IPopupMenuControl.h">
      <Filter>IGraphics\Controls</Filter>
    </ClInclude>
    <ClInclude Include="..\thirdparty\iPlug2\IGraphics\Controls\ITextEntryControl.h">
      <Filter>IGraphics\Controls</Filter>
    </ClInclude>
    <ClInclude Include="..\thirdparty\iPlug2\IGraphics\Controls\IVKeyboardControl.h">
      <Filter>IGraphics\Controls</Filter>
    </ClInclude>
    <ClInclude Include="..\thirdparty\iPlug2\IGraphics\Controls\IVMeterControl.h">
      <Filter>IGraphics\Controls</Filter>
    </ClInclude>
    <ClInclude Include="..\thirdparty\iPlug2\IGraphics\Controls\IVMultiSliderControl.h">
      <Filter>IGraphics\Controls</Filter>
    </ClInclude>
    <ClInclude Include="..\thirdparty\iPlug2\IGraphics\Controls\IVScopeControl.h">
      <Filter>IGraphics\Controls</Filter>
    </ClInclude>
    <ClInclude Include="..\thirdparty\iPlug2\IPlug\APP\IPlugAPP_host.h">
      <Filter>IPlug\APP</Filter>
    </ClInclude>
    <ClInclude Include="..\thirdparty\iPlug2\IPlug\APP\IPlugAPP.h">
      <Filter>IPlug\APP</Filter>
    </ClInclude>
    <ClInclude Include="..\thirdparty\iPlug2\IPlug\IPlug_include_in_plug_hdr.h">
      <Filter>IPlug</Filter>
    </ClInclude>
    <ClInclude Include="..\thirdparty\iPlug2\IPlug\IPlug_include_in_plug_src.h">
      <Filter>IPlug</Filter>
    </ClInclude>
    <ClInclude Include="..\thirdparty\iPlug2\IPlug\IPlugAPIBase.h">
      <Filter>IPlug</Filter>
    </ClInclude>
    <ClInclude Include="..\thirdparty\iPlug2\IPlug\IPlugConstants.h">
      <Filter>IPlug</Filter>
    </ClInclude>
    <ClInclude Include="..\thirdparty\iPlug2\IPlug\IPlugEditorDelegate.h">
      <Filter>IPlug</Filter>
    </ClInclude>
    <ClInclude Include="..\thirdparty\iPlug2\IPlug\IPlugLogger.h">
      <Filter>IPlug</Filter>
    </ClInclude>
    <ClInclude Include="..\thirdparty\iPlug2\IPlug\IPlugMidi.h">
      <Filter>IPlug</Filter>
    </ClInclude>
    <ClInclude Include="..\thirdparty\iPlug2\IPlug\IPlugParameter.h">
      <Filter>IPlug</Filter>
    </ClInclude>
    <ClInclude Include="..\thirdparty\iPlug2\IPlug\IPlugPaths.h">
      <Filter>IPlug</Filter>
    </ClInclude>
    <ClInclude Include="..\thirdparty\iPlug2\IPlug\IPlugPlatform.h">
      <Filter>IPlug</Filter>
    </ClInclude>
    <ClInclude Include="..\thirdparty\iPlug2\IPlug\IPlugPluginBase.h">
      <Filter>IPlug</Filter>
    </ClInclude>
    <ClInclude Include="..\thirdparty\iPlug2\IPlug\IPlugProcessor.h">
      <Filter>IPlug</Filter>
    </ClInclude>
    <ClInclude Include="..\thirdparty\iPlug2\IPlug\IPlugStructs.h">
      <Filter>IPlug</Filter>
    </ClInclude>
    <ClInclude Include="..\thirdparty\iPlug2\IPlug\IPlugTimer.h">
      <Filter>IPlug</Filter>
    </ClInclude>
    <ClInclude Include="..\thirdparty\iPlug2\IPlug\IPlugUtilities.h">
      <Filter>IPlug</Filter>
    </ClInclude>
    <ClInclude Include="..\thirdparty\iPlug2\Dependencies\IPlug\RTAudio\RtAudio.h">
      <Filter>IPlug\APP\RTAudioMidi</Filter>
    </ClInclude>
    <ClInclude Include="..\thirdparty\iPlug2\Dependencies\IPlug\RTMidi\RtMidi.h">
      <Filter>IPlug\APP\RTAudioMidi</Filter>
    </ClInclude>
    <ClInclude Include="..\thirdparty\iPlug2\Dependencies\IPlug\RTAudio\include\asio.h">
      <Filter>IPlug\APP\RTAudioMidi\include</Filter>
    </ClInclude>
    <ClInclude Include="..\thirdparty\iPlug2\Dependencies\IPlug\RTAudio\include\asiodrivers.h">
      <Filter>IPlug\APP\RTAudioMidi\include</Filter>
    </ClInclude>
    <ClInclude Include="..\thirdparty\iPlug2\Dependencies\IPlug\RTAudio\include\asiodrvr.h">
      <Filter>IPlug\APP\RTAudioMidi\include</Filter>
    </ClInclude>
    <ClInclude Include="..\thirdparty\iPlug2\Dependencies\IPlug\RTAudio\include\asiolist.h">
      <Filter>IPlug\APP\RTAudioMidi\include</Filter>
    </ClInclude>
    <ClInclude Include="..\thirdparty\iPlug2\Dependencies\IPlug\RTAudio\include\asiosys.h">
      <Filter>IPlug\APP\RTAudioMidi\include</Filter>
    </ClInclude>
    <ClInclude Include="..\thirdparty\iPlug2\Dependencies\IPlug\RTAudio\include\dsound.h">
      <Filter>IPlug\APP\RTAudioMidi\include</Filter>
    </ClInclude>
    <ClInclude Include="..\thirdparty\iPlug2\Dependencies\IPlug\RTAudio\include\functiondiscoverykeys_devpkey.h">
      <Filter>IPlug\APP\RTAudioMidi\include</Filter>
    </ClInclude>
    <ClInclude Include="..\thirdparty\iPlug2\Dependencies\IPlug\RTAudio\include\ginclude.h">
      <Filter>IPlug\APP\RTAudioMidi\include</Filter>
    </ClInclude>
    <ClInclude Include="..\thirdparty\iPlug2\Dependencies\IPlug\RTAudio\include\iasiodrv.h">
      <Filter>IPlug\APP\RTAudioMidi\include</Filter>
    </ClInclude>
    <ClInclude Include="..\thirdparty\iPlug2\Dependencies\IPlug\RTAudio\include\iasiothiscallresolver.h">
      <Filter>IPlug\APP\RTAudioMidi\include</Filter>
    </ClInclude>
    <ClInclude Include="..\thirdparty\iPlug2\Dependencies\IPlug\RTAudio\include\soundcard.h">
      <Filter>IPlug\APP\RTAudioMidi\include</Filter>
    </ClInclude>
    <ClInclude Include="..\thirdparty\iPlug2\IGraphics\Platforms\IGraphicsWin.h">
      <Filter>IGraphics\Platform</Filter>
    </ClInclude>
    <ClInclude Include="..\thirdparty\iPlug2\IGraphics\Platforms\IGraphicsLinux.h">
      <Filter>IGraphics\Platform</Filter>
    </ClInclude>
    <ClInclude Include="..\thirdparty\iPlug2\IGraphics\Platforms\IGraphicsMac.h">
      <Filter>IGraphics\Platform</Filter>
    </ClInclude>
    <ClInclude Include="..\thirdparty\iPlug2\IGraphics\Platforms\IGraphicsMac_view.h">
      <Filter>IGraphics\Platform</Filter>
    </ClInclude>
    <ClInclude Include="..\thirdparty\iPlug2\IGraphics\Platforms\IGraphicsWeb.h">
      <Filter>IGraphics\Platform</Filter>
    </ClInclude>
    <ClInclude Include="..\src\audio\audio_renderer.h">
      <Filter>src\audio</Filter>
    </ClInclude>
    <ClInclude Include="..\src\audio\miniaudio.h">
      <Filter>src\audio</Filter>
    </ClInclude>
    <ClInclude Include="..\src\audio\resampler.h">
      <Filter>src\audio</Filter>
    </ClInclude>
    <ClInclude Include="..\src\platform\Error.h">
      <Filter>src\platform</Filter>
    </ClInclude>
    <ClInclude Include="..\src\platform\FileDialog.h">
      <Filter>src\platform</Filter>
    </ClInclude>
    <ClInclude Include="..\src\platform\Logger.h">
      <Filter>src\platform</Filter>
    </ClInclude>
    <ClInclude Include="..\src\platform\Path.h">
      <Filter>src\platform</Filter>
    </ClInclude>
    <ClInclude Include="..\src\plugs\SameBoyPlug.h">
      <Filter>src\plugs</Filter>
    </ClInclude>
    <ClInclude Include="..\src\roms\Lsdj.h">
      <Filter>src\roms</Filter>
    </ClInclude>
    <ClInclude Include="..\src\KeyMap.h">
      <Filter>src</Filter>
    </ClInclude>
    <ClInclude Include="..\src\RetroPlugInstrument.h">
      <Filter>src</Filter>
    </ClInclude>
    <ClInclude Include="..\config\config.h">
      <Filter>config</Filter>
    </ClInclude>
    <ClInclude Include="..\src\util\base64.h">
      <Filter>src\util</Filter>
    </ClInclude>
    <ClInclude Include="..\src\util\Serializer.h">
      <Filter>src\util</Filter>
    </ClInclude>
    <ClInclude Include="..\src\util\File.h">
      <Filter>src\util</Filter>
    </ClInclude>
    <ClInclude Include="..\thirdparty\liblsdj\liblsdj\chain.h">
      <Filter>liblsdj</Filter>
    </ClInclude>
    <ClInclude Include="..\thirdparty\liblsdj\liblsdj\channel.h">
      <Filter>liblsdj</Filter>
    </ClInclude>
    <ClInclude Include="..\thirdparty\liblsdj\liblsdj\command.h">
      <Filter>liblsdj</Filter>
    </ClInclude>
    <ClInclude Include="..\thirdparty\liblsdj\liblsdj\compression.h">
      <Filter>liblsdj</Filter>
    </ClInclude>
    <ClInclude Include="..\thirdparty\liblsdj\liblsdj\error.h">
      <Filter>liblsdj</Filter>
    </ClInclude>
    <ClInclude Include="..\thirdparty\liblsdj\liblsdj\groove.h">
      <Filter>liblsdj</Filter>
    </ClInclude>
    <ClInclude Include="..\thirdparty\liblsdj\liblsdj\instrument.h">
      <Filter>liblsdj</Filter>
    </ClInclude>
    <ClInclude Include="..\thirdparty\liblsdj\liblsdj\instrument_constants.h">
      <Filter>liblsdj</Filter>
    </ClInclude>
    <ClInclude Include="..\thirdparty\liblsdj\liblsdj\instrument_kit.h">
      <Filter>liblsdj</Filter>
    </ClInclude>
    <ClInclude Include="..\thirdparty\liblsdj\liblsdj\instrument_noise.h">
      <Filter>liblsdj</Filter>
    </ClInclude>
    <ClInclude Include="..\thirdparty\liblsdj\liblsdj\instrument_pulse.h">
      <Filter>liblsdj</Filter>
    </ClInclude>
    <ClInclude Include="..\thirdparty\liblsdj\liblsdj\instrument_wave.h">
      <Filter>liblsdj</Filter>
    </ClInclude>
    <ClInclude Include="..\thirdparty\liblsdj\liblsdj\panning.h">
      <Filter>liblsdj</Filter>
    </ClInclude>
    <ClInclude Include="..\thirdparty\liblsdj\liblsdj\phrase.h">
      <Filter>liblsdj</Filter>
    </ClInclude>
    <ClInclude Include="..\thirdparty\liblsdj\liblsdj\project.h">
      <Filter>liblsdj</Filter>
    </ClInclude>
    <ClInclude Include="..\thirdparty\liblsdj\liblsdj\row.h">
      <Filter>liblsdj</Filter>
    </ClInclude>
    <ClInclude Include="..\thirdparty\liblsdj\liblsdj\sav.h">
      <Filter>liblsdj</Filter>
    </ClInclude>
    <ClInclude Include="..\thirdparty\liblsdj\liblsdj\song.h">
      <Filter>liblsdj</Filter>
    </ClInclude>
    <ClInclude Include="..\thirdparty\liblsdj\liblsdj\synth.h">
      <Filter>liblsdj</Filter>
    </ClInclude>
    <ClInclude Include="..\thirdparty\liblsdj\liblsdj\table.h">
      <Filter>liblsdj</Filter>
    </ClInclude>
    <ClInclude Include="..\thirdparty\liblsdj\liblsdj\vio.h">
      <Filter>liblsdj</Filter>
    </ClInclude>
    <ClInclude Include="..\thirdparty\liblsdj\liblsdj\wave.h">
      <Filter>liblsdj</Filter>
    </ClInclude>
    <ClInclude Include="..\thirdparty\liblsdj\liblsdj\word.h">
      <Filter>liblsdj</Filter>
    </ClInclude>
    <ClInclude Include="..\src\lsdj\kit.h">
      <Filter>src\lsdj</Filter>
    </ClInclude>
    <ClInclude Include="..\src\lsdj\rom.h">
      <Filter>src\lsdj</Filter>
    </ClInclude>
    <ClInclude Include="..\src\lsdj\sample.h">
      <Filter>src\lsdj</Filter>
    </ClInclude>
    <ClInclude Include="..\src\util\xstring.h">
      <Filter>src\util</Filter>
    </ClInclude>
    <ClInclude Include="..\src\platform\Shell.h">
      <Filter>src\platform</Filter>
    </ClInclude>
    <ClInclude Include="..\src\plugs\SameBoyWrapper.h">
      <Filter>src\plugs</Filter>
    </ClInclude>
    <ClInclude Include="..\src\platform\MemoryModule.h">
      <Filter>src\platform</Filter>
    </ClInclude>
    <ClInclude Include="..\src\platform\DynamicLibraryMemory.h">
      <Filter>src\platform</Filter>
    </ClInclude>
    <ClInclude Include="..\src\util\crc32.h">
      <Filter>src\util</Filter>
    </ClInclude>
    <ClInclude Include="..\src\util\RomWatcher.h">
      <Filter>src\util</Filter>
    </ClInclude>
    <ClInclude Include="..\thirdparty\lua-5.3.5\src\luaconf.h">
      <Filter>lua</Filter>
    </ClInclude>
    <ClInclude Include="..\thirdparty\lua-5.3.5\src\lualib.h">
      <Filter>lua</Filter>
    </ClInclude>
    <ClInclude Include="..\thirdparty\lua-5.3.5\src\lundump.h">
      <Filter>lua</Filter>
    </ClInclude>
    <ClInclude Include="..\thirdparty\lua-5.3.5\src\lvm.h">
      <Filter>lua</Filter>
    </ClInclude>
    <ClInclude Include="..\thirdparty\lua-5.3.5\src\lzio.h">
      <Filter>lua</Filter>
    </ClInclude>
    <ClInclude Include="..\thirdparty\lua-5.3.5\src\lapi.h">
      <Filter>lua</Filter>
    </ClInclude>
    <ClInclude Include="..\thirdparty\lua-5.3.5\src\lauxlib.h">
      <Filter>lua</Filter>
    </ClInclude>
    <ClInclude Include="..\thirdparty\lua-5.3.5\src\lcode.h">
      <Filter>lua</Filter>
    </ClInclude>
    <ClInclude Include="..\thirdparty\lua-5.3.5\src\lctype.h">
      <Filter>lua</Filter>
    </ClInclude>
    <ClInclude Include="..\thirdparty\lua-5.3.5\src\ldebug.h">
      <Filter>lua</Filter>
    </ClInclude>
    <ClInclude Include="..\thirdparty\lua-5.3.5\src\ldo.h">
      <Filter>lua</Filter>
    </ClInclude>
    <ClInclude Include="..\thirdparty\lua-5.3.5\src\lfunc.h">
      <Filter>lua</Filter>
    </ClInclude>
    <ClInclude Include="..\thirdparty\lua-5.3.5\src\lgc.h">
      <Filter>lua</Filter>
    </ClInclude>
    <ClInclude Include="..\thirdparty\lua-5.3.5\src\llex.h">
      <Filter>lua</Filter>
    </ClInclude>
    <ClInclude Include="..\thirdparty\lua-5.3.5\src\llimits.h">
      <Filter>lua</Filter>
    </ClInclude>
    <ClInclude Include="..\thirdparty\lua-5.3.5\src\lmem.h">
      <Filter>lua</Filter>
    </ClInclude>
    <ClInclude Include="..\thirdparty\lua-5.3.5\src\lobject.h">
      <Filter>lua</Filter>
    </ClInclude>
    <ClInclude Include="..\thirdparty\lua-5.3.5\src\lopcodes.h">
      <Filter>lua</Filter>
    </ClInclude>
    <ClInclude Include="..\thirdparty\lua-5.3.5\src\lparser.h">
      <Filter>lua</Filter>
    </ClInclude>
    <ClInclude Include="..\thirdparty\lua-5.3.5\src\lprefix.h">
      <Filter>lua</Filter>
    </ClInclude>
    <ClInclude Include="..\thirdparty\lua-5.3.5\src\lstate.h">
      <Filter>lua</Filter>
    </ClInclude>
    <ClInclude Include="..\thirdparty\lua-5.3.5\src\lstring.h">
      <Filter>lua</Filter>
    </ClInclude>
    <ClInclude Include="..\thirdparty\lua-5.3.5\src\ltable.h">
      <Filter>lua</Filter>
    </ClInclude>
    <ClInclude Include="..\thirdparty\lua-5.3.5\src\ltm.h">
      <Filter>lua</Filter>
    </ClInclude>
    <ClInclude Include="..\thirdparty\lua-5.3.5\src\lua.h">
      <Filter>lua</Filter>
    </ClInclude>
    <ClInclude Include="..\thirdparty\lua-5.3.5\src\lua.hpp">
      <Filter>lua</Filter>
    </ClInclude>
    <ClInclude Include="..\src\controller\RetroPlugController.h">
      <Filter>src\controller</Filter>
    </ClInclude>
    <ClInclude Include="..\src\model\EmulatorInstance.h">
      <Filter>src\model</Filter>
    </ClInclude>
    <ClInclude Include="..\src\model\RetroPlug.h">
      <Filter>src\model</Filter>
    </ClInclude>
    <ClInclude Include="..\src\util\MessageBus.h">
      <Filter>src\util</Filter>
    </ClInclude>
    <ClInclude Include="..\src\util\PaMemoryBarrier.h">
      <Filter>src\util</Filter>
    </ClInclude>
    <ClInclude Include="..\src\util\PaRingBuffer.h">
      <Filter>src\util</Filter>
    </ClInclude>
    <ClInclude Include="..\src\util\RingBuffer.h">
      <Filter>src\util</Filter>
    </ClInclude>
    <ClInclude Include="..\src\view\ContextMenu.h">
      <Filter>src\view</Filter>
    </ClInclude>
    <ClInclude Include="..\src\view\EmulatorView.h">
      <Filter>src\view</Filter>
    </ClInclude>
    <ClInclude Include="..\src\view\RetroPlugRoot.h">
      <Filter>src\view</Filter>
    </ClInclude>
    <ClInclude Include="..\src\model\LuaContext.h">
      <Filter>src\model</Filter>
    </ClInclude>
    <ClInclude Include="..\src\model\FileManager.h">
      <Filter>src\model</Filter>
    </ClInclude>
    <ClInclude Include="..\src\util\DataBuffer.h">
      <Filter>src\util</Filter>
    </ClInclude>
  </ItemGroup>
  <ItemGroup>
    <Filter Include="resources">
      <UniqueIdentifier>{c6ab0357-34f0-4ae8-8b4f-225dc387b2db}</UniqueIdentifier>
    </Filter>
    <Filter Include="config">
      <UniqueIdentifier>{ece5417b-4823-4518-9381-2660a4319318}</UniqueIdentifier>
    </Filter>
    <Filter Include="IGraphics">
      <UniqueIdentifier>{f0485b61-149d-429f-8802-49cfd67e39b6}</UniqueIdentifier>
    </Filter>
    <Filter Include="IGraphics\Drawing">
      <UniqueIdentifier>{7c74c254-d1c6-4dc4-9e9c-be28ac64e4a7}</UniqueIdentifier>
    </Filter>
    <Filter Include="IGraphics\Platform">
      <UniqueIdentifier>{057e0b3e-1b43-4515-bb87-b1de62694e8e}</UniqueIdentifier>
    </Filter>
    <Filter Include="IGraphics\Controls">
      <UniqueIdentifier>{ae5d91eb-b8dc-471d-8b5a-6c5bf5dfe6f4}</UniqueIdentifier>
    </Filter>
    <Filter Include="IPlug">
      <UniqueIdentifier>{3bd7f71b-e8ed-4d62-8e22-06c09c5c15a1}</UniqueIdentifier>
    </Filter>
    <Filter Include="IPlug\APP">
      <UniqueIdentifier>{13b3737b-7ecf-435c-8da0-08ccf8e2fb84}</UniqueIdentifier>
    </Filter>
    <Filter Include="IPlug\APP\RTAudioMidi">
      <UniqueIdentifier>{e7841f62-a97d-41b6-93d1-ecca8a512d93}</UniqueIdentifier>
    </Filter>
    <Filter Include="IPlug\APP\RTAudioMidi\include">
      <UniqueIdentifier>{649c5de3-b4c2-4de9-8d57-3b1762646259}</UniqueIdentifier>
    </Filter>
    <Filter Include="src">
      <UniqueIdentifier>{79b95452-25dc-423c-a26c-61c3242b26c2}</UniqueIdentifier>
    </Filter>
    <Filter Include="src\audio">
      <UniqueIdentifier>{457f1706-cbd3-4b4f-9aaa-8a47a6aa8503}</UniqueIdentifier>
    </Filter>
    <Filter Include="src\platform">
      <UniqueIdentifier>{71571ba4-e89f-494b-bccf-ed64c44dc8aa}</UniqueIdentifier>
    </Filter>
    <Filter Include="src\plugs">
      <UniqueIdentifier>{d6b323ba-5b10-4119-9815-d121ab96d3c3}</UniqueIdentifier>
    </Filter>
    <Filter Include="src\roms">
      <UniqueIdentifier>{2165206f-a3c0-424b-b76c-4d0cf64731e4}</UniqueIdentifier>
    </Filter>
    <Filter Include="src\util">
      <UniqueIdentifier>{e25feb59-33b5-4554-b4f5-b8e4e91b3b19}</UniqueIdentifier>
    </Filter>
    <Filter Include="liblsdj">
      <UniqueIdentifier>{956c1077-6223-453b-b07b-5e6b12ec2527}</UniqueIdentifier>
    </Filter>
    <Filter Include="src\lsdj">
      <UniqueIdentifier>{0c6327e2-1b45-4ad4-a471-7d26e5eed43e}</UniqueIdentifier>
    </Filter>
    <Filter Include="filewatcher">
      <UniqueIdentifier>{ca4eae4d-03e0-43e7-a497-d110cf5699b1}</UniqueIdentifier>
    </Filter>
    <Filter Include="lua">
      <UniqueIdentifier>{fa4306ef-0b61-49be-a3fb-b1514b997703}</UniqueIdentifier>
    </Filter>
    <Filter Include="src\controller">
      <UniqueIdentifier>{cccbcb97-291e-4e97-a503-ae60623426c9}</UniqueIdentifier>
    </Filter>
    <Filter Include="src\model">
      <UniqueIdentifier>{5cd4cde2-196f-4cd3-8fe5-18ac3f6a3d04}</UniqueIdentifier>
    </Filter>
    <Filter Include="src\view">
      <UniqueIdentifier>{44155baf-f1a4-49d0-8b48-cad5ca016930}</UniqueIdentifier>
    </Filter>
  </ItemGroup>
  <ItemGroup>
    <ResourceCompile Include="..\resources\main.rc">
      <Filter>resources</Filter>
    </ResourceCompile>
  </ItemGroup>
  <ItemGroup>
    <None Include="..\config\RetroPlug-win.props">
      <Filter>config</Filter>
    </None>
    <None Include="..\config\RetroPlug-ios.xcconfig">
      <Filter>config</Filter>
    </None>
    <None Include="..\config\RetroPlug-mac.xcconfig">
      <Filter>config</Filter>
    </None>
    <None Include="..\config\RetroPlug-web.mk">
      <Filter>config</Filter>
    </None>
    <None Include="..\resources\dlls\sameboy_retroplug-x64.dll">
      <Filter>resources</Filter>
    </None>
    <None Include="..\resources\dlls\sameboy_retroplug-x86.dll">
      <Filter>resources</Filter>
    </None>
  </ItemGroup>
  <ItemGroup>
    <Image Include="..\resources\RetroPlug.ico">
      <Filter>resources</Filter>
    </Image>
  </ItemGroup>
  <ItemGroup>
    <Font Include="..\resources\fonts\Early-GameBoy.ttf">
      <Filter>resources</Filter>
    </Font>
  </ItemGroup>
</Project>