
Microsoft Visual Studio Solution File, Format Version 12.00
# Visual Studio Version 16
VisualStudioVersion = 16.0.28803.352
MinimumVisualStudioVersion = 10.0.40219.1
Project("{8BC9CEB8-8B4A-11D0-8D11-00A0C91BC942}") = "RetroPlug-app", "projects\RetroPlug-app.vcxproj", "{41785AE4-5B70-4A75-880B-4B418B4E13C6}"
	ProjectSection(ProjectDependencies) = postProject
		{11BD6356-C69E-4FC5-A265-7BFA32C2C60F} = {11BD6356-C69E-4FC5-A265-7BFA32C2C60F}
	EndProjectSection
EndProject
Project("{8BC9CEB8-8B4A-11D0-8D11-00A0C91BC942}") = "RetroPlug-vst2", "projects\RetroPlug-vst2.vcxproj", "{2EB4846A-93E0-43A0-821E-12237105168F}"
	ProjectSection(ProjectDependencies) = postProject
		{11BD6356-C69E-4FC5-A265-7BFA32C2C60F} = {11BD6356-C69E-4FC5-A265-7BFA32C2C60F}
	EndProjectSection
EndProject
Project("{8BC9CEB8-8B4A-11D0-8D11-00A0C91BC942}") = "RetroPlug-scriptc", "projects\RetroPlug-scriptc.vcxproj", "{11BD6356-C69E-4FC5-A265-7BFA32C2C60F}"
EndProject
Global
	GlobalSection(SolutionConfigurationPlatforms) = preSolution
		Debug|x64 = Debug|x64
		Debug|x86 = Debug|x86
		Release|x64 = Release|x64
		Release|x86 = Release|x86
		Tracer|x64 = Tracer|x64
		Tracer|x86 = Tracer|x86
	EndGlobalSection
	GlobalSection(ProjectConfigurationPlatforms) = postSolution
		{41785AE4-5B70-4A75-880B-4B418B4E13C6}.Debug|x64.ActiveCfg = Debug|x64
		{41785AE4-5B70-4A75-880B-4B418B4E13C6}.Debug|x64.Build.0 = Debug|x64
		{41785AE4-5B70-4A75-880B-4B418B4E13C6}.Debug|x86.ActiveCfg = Debug|Win32
		{41785AE4-5B70-4A75-880B-4B418B4E13C6}.Debug|x86.Build.0 = Debug|Win32
		{41785AE4-5B70-4A75-880B-4B418B4E13C6}.Release|x64.ActiveCfg = Release|x64
		{41785AE4-5B70-4A75-880B-4B418B4E13C6}.Release|x64.Build.0 = Release|x64
		{41785AE4-5B70-4A75-880B-4B418B4E13C6}.Release|x86.ActiveCfg = Release|Win32
		{41785AE4-5B70-4A75-880B-4B418B4E13C6}.Release|x86.Build.0 = Release|Win32
		{41785AE4-5B70-4A75-880B-4B418B4E13C6}.Tracer|x64.ActiveCfg = Tracer|x64
		{41785AE4-5B70-4A75-880B-4B418B4E13C6}.Tracer|x64.Build.0 = Tracer|x64
		{41785AE4-5B70-4A75-880B-4B418B4E13C6}.Tracer|x86.ActiveCfg = Tracer|Win32
		{41785AE4-5B70-4A75-880B-4B418B4E13C6}.Tracer|x86.Build.0 = Tracer|Win32
		{2EB4846A-93E0-43A0-821E-12237105168F}.Debug|x64.ActiveCfg = Debug|x64
		{2EB4846A-93E0-43A0-821E-12237105168F}.Debug|x64.Build.0 = Debug|x64
		{2EB4846A-93E0-43A0-821E-12237105168F}.Debug|x86.ActiveCfg = Debug|Win32
		{2EB4846A-93E0-43A0-821E-12237105168F}.Debug|x86.Build.0 = Debug|Win32
		{2EB4846A-93E0-43A0-821E-12237105168F}.Release|x64.ActiveCfg = Release|x64
		{2EB4846A-93E0-43A0-821E-12237105168F}.Release|x64.Build.0 = Release|x64
		{2EB4846A-93E0-43A0-821E-12237105168F}.Release|x86.ActiveCfg = Release|Win32
		{2EB4846A-93E0-43A0-821E-12237105168F}.Release|x86.Build.0 = Release|Win32
		{2EB4846A-93E0-43A0-821E-12237105168F}.Tracer|x64.ActiveCfg = Tracer|x64
		{2EB4846A-93E0-43A0-821E-12237105168F}.Tracer|x64.Build.0 = Tracer|x64
		{2EB4846A-93E0-43A0-821E-12237105168F}.Tracer|x86.ActiveCfg = Tracer|Win32
		{2EB4846A-93E0-43A0-821E-12237105168F}.Tracer|x86.Build.0 = Tracer|Win32
		{11BD6356-C69E-4FC5-A265-7BFA32C2C60F}.Debug|x64.ActiveCfg = Debug|x64
		{11BD6356-C69E-4FC5-A265-7BFA32C2C60F}.Debug|x64.Build.0 = Debug|x64
		{11BD6356-C69E-4FC5-A265-7BFA32C2C60F}.Debug|x86.ActiveCfg = Debug|Win32
		{11BD6356-C69E-4FC5-A265-7BFA32C2C60F}.Debug|x86.Build.0 = Debug|Win32
		{11BD6356-C69E-4FC5-A265-7BFA32C2C60F}.Release|x64.ActiveCfg = Release|x64
		{11BD6356-C69E-4FC5-A265-7BFA32C2C60F}.Release|x64.Build.0 = Release|x64
		{11BD6356-C69E-4FC5-A265-7BFA32C2C60F}.Release|x86.ActiveCfg = Release|Win32
		{11BD6356-C69E-4FC5-A265-7BFA32C2C60F}.Release|x86.Build.0 = Release|Win32
		{11BD6356-C69E-4FC5-A265-7BFA32C2C60F}.Tracer|x64.ActiveCfg = Release|x64
		{11BD6356-C69E-4FC5-A265-7BFA32C2C60F}.Tracer|x64.Build.0 = Release|x64
		{11BD6356-C69E-4FC5-A265-7BFA32C2C60F}.Tracer|x86.ActiveCfg = Release|Win32
		{11BD6356-C69E-4FC5-A265-7BFA32C2C60F}.Tracer|x86.Build.0 = Release|Win32
	EndGlobalSection
	GlobalSection(SolutionProperties) = preSolution
		HideSolutionNode = FALSE
	EndGlobalSection
	GlobalSection(ExtensibilityGlobals) = postSolution
		SolutionGuid = {39C95EA8-A7C1-4EB9-93C3-452C5E54C752}
	EndGlobalSection
EndGlobal
